// !$*UTF8*$!
{
	archiveVersion = 1;
	classes = {
	};
	objectVersion = 55;
	objects = {

/* Begin PBXBuildFile section */
		072DA03E28CBCC7200936C06 /* LocationManager.swift in Sources */ = {isa = PBXBuildFile; fileRef = 072DA03D28CBCC7200936C06 /* LocationManager.swift */; };
		072DA04428CFC71000936C06 /* CreateTargetView.swift in Sources */ = {isa = PBXBuildFile; fileRef = 072DA04328CFC71000936C06 /* CreateTargetView.swift */; };
		0755414A28D5060100A4C4FF /* UserResponse.swift in Sources */ = {isa = PBXBuildFile; fileRef = 0755414928D5060100A4C4FF /* UserResponse.swift */; };
		0755414D28D5068E00A4C4FF /* Target.swift in Sources */ = {isa = PBXBuildFile; fileRef = 0755414C28D5068E00A4C4FF /* Target.swift */; };
		0755414F28D506A100A4C4FF /* TargetResponse.swift in Sources */ = {isa = PBXBuildFile; fileRef = 0755414E28D506A100A4C4FF /* TargetResponse.swift */; };
		0755415128D8BBD700A4C4FF /* UserManager.swift in Sources */ = {isa = PBXBuildFile; fileRef = 0755415028D8BBD700A4C4FF /* UserManager.swift */; };
		0755415928E21BC200A4C4FF /* HomeViewModel.swift in Sources */ = {isa = PBXBuildFile; fileRef = 0755415828E21BC200A4C4FF /* HomeViewModel.swift */; };
		0755415B28E25D7000A4C4FF /* TargetsResponse.swift in Sources */ = {isa = PBXBuildFile; fileRef = 0755415A28E25D7000A4C4FF /* TargetsResponse.swift */; };
		0760846828A69DA3000A144B /* SignInViewController.swift in Sources */ = {isa = PBXBuildFile; fileRef = 0760846728A69DA3000A144B /* SignInViewController.swift */; };
		0760847128ABFDDC000A144B /* Navigator.swift in Sources */ = {isa = PBXBuildFile; fileRef = 0760847028ABFDDC000A144B /* Navigator.swift */; };
		0760847328ABFDF2000A144B /* AppNavigator.swift in Sources */ = {isa = PBXBuildFile; fileRef = 0760847228ABFDF2000A144B /* AppNavigator.swift */; };
		0760847628ABFED2000A144B /* OnboardingRoutes.swift in Sources */ = {isa = PBXBuildFile; fileRef = 0760847528ABFED2000A144B /* OnboardingRoutes.swift */; };
		0760847A28AD7EFB000A144B /* ViewControllerExtension.swift in Sources */ = {isa = PBXBuildFile; fileRef = 0760847928AD7EFB000A144B /* ViewControllerExtension.swift */; };
		0760847C28AD7F19000A144B /* ColorExtension.swift in Sources */ = {isa = PBXBuildFile; fileRef = 0760847B28AD7F19000A144B /* ColorExtension.swift */; };
		0760847E28AD8160000A144B /* ViewExtension.swift in Sources */ = {isa = PBXBuildFile; fileRef = 0760847D28AD8160000A144B /* ViewExtension.swift */; };
		0760848128AD8936000A144B /* UIConstants.swift in Sources */ = {isa = PBXBuildFile; fileRef = 0760848028AD8936000A144B /* UIConstants.swift */; };
		0760848328AE47AE000A144B /* TextFieldExtension.swift in Sources */ = {isa = PBXBuildFile; fileRef = 0760848228AE47AE000A144B /* TextFieldExtension.swift */; };
		0760848528AE4BAC000A144B /* ButtonExtension.swift in Sources */ = {isa = PBXBuildFile; fileRef = 0760848428AE4BAC000A144B /* ButtonExtension.swift */; };
		0760848928AE5545000A144B /* LabelExtension.swift in Sources */ = {isa = PBXBuildFile; fileRef = 0760848828AE5545000A144B /* LabelExtension.swift */; };
		0760848B28AE5A47000A144B /* StringExtension.swift in Sources */ = {isa = PBXBuildFile; fileRef = 0760848A28AE5A47000A144B /* StringExtension.swift */; };
		0760848F28AE5AC7000A144B /* Localizable.strings in Resources */ = {isa = PBXBuildFile; fileRef = 0760848E28AE5AC7000A144B /* Localizable.strings */; };
		0760849528B54769000A144B /* TestViewController.swift in Sources */ = {isa = PBXBuildFile; fileRef = 0760849428B54769000A144B /* TestViewController.swift */; };
		0760849728B925DD000A144B /* SignUpViewController.swift in Sources */ = {isa = PBXBuildFile; fileRef = 0760849628B925DD000A144B /* SignUpViewController.swift */; };
		0760849A28BD3EF1000A144B /* SignUpViewModel.swift in Sources */ = {isa = PBXBuildFile; fileRef = 0760849928BD3EF1000A144B /* SignUpViewModel.swift */; };
		0760849E28BE6B11000A144B /* NetworkState.swift in Sources */ = {isa = PBXBuildFile; fileRef = 0760849D28BE6B11000A144B /* NetworkState.swift */; };
		076084A028BE6C42000A144B /* AuthViewModelStateDelegate.swift in Sources */ = {isa = PBXBuildFile; fileRef = 0760849F28BE6C42000A144B /* AuthViewModelStateDelegate.swift */; };
		076084A428BF8013000A144B /* AuthenticationServices.swift in Sources */ = {isa = PBXBuildFile; fileRef = 076084A328BF8013000A144B /* AuthenticationServices.swift */; };
		076084A628BF80AE000A144B /* BaseAPIClient.swift in Sources */ = {isa = PBXBuildFile; fileRef = 076084A528BF80AE000A144B /* BaseAPIClient.swift */; };
		076084A928BF8136000A144B /* APIClient.swift in Sources */ = {isa = PBXBuildFile; fileRef = 076084A828BF8136000A144B /* APIClient.swift */; };
		076084AD28BF81F6000A144B /* EncodingConfiguration.swift in Sources */ = {isa = PBXBuildFile; fileRef = 076084AC28BF81F6000A144B /* EncodingConfiguration.swift */; };
		076084AF28BF82AF000A144B /* User.swift in Sources */ = {isa = PBXBuildFile; fileRef = 076084AE28BF82AF000A144B /* User.swift */; };
		076084B228BFA6A2000A144B /* AuthEndpoint.swift in Sources */ = {isa = PBXBuildFile; fileRef = 076084B128BFA6A2000A144B /* AuthEndpoint.swift */; };
		076084B428BFA6F8000A144B /* Endpoint.swift in Sources */ = {isa = PBXBuildFile; fileRef = 076084B328BFA6F8000A144B /* Endpoint.swift */; };
		076084B628BFA734000A144B /* RailsAPIEndpoint.swift in Sources */ = {isa = PBXBuildFile; fileRef = 076084B528BFA734000A144B /* RailsAPIEndpoint.swift */; };
		076084B928BFB8BB000A144B /* APIClient+Product.swift in Sources */ = {isa = PBXBuildFile; fileRef = 076084B828BFB8BB000A144B /* APIClient+Product.swift */; };
		076084BC28BFB98B000A144B /* AlamofireNetworkProvider.swift in Sources */ = {isa = PBXBuildFile; fileRef = 076084BB28BFB98B000A144B /* AlamofireNetworkProvider.swift */; };
		076084BF28BFC618000A144B /* NetworkProvider.swift in Sources */ = {isa = PBXBuildFile; fileRef = 076084BE28BFC618000A144B /* NetworkProvider.swift */; };
		076084C128BFC657000A144B /* Network.swift in Sources */ = {isa = PBXBuildFile; fileRef = 076084C028BFC657000A144B /* Network.swift */; };
		076084C328BFC73A000A144B /* Cancellable.swift in Sources */ = {isa = PBXBuildFile; fileRef = 076084C228BFC73A000A144B /* Cancellable.swift */; };
		076084C528BFD0EF000A144B /* DecodingConfiguration.swift in Sources */ = {isa = PBXBuildFile; fileRef = 076084C428BFD0EF000A144B /* DecodingConfiguration.swift */; };
		076084C728BFD1B5000A144B /* SessionHeadersProvider.swift in Sources */ = {isa = PBXBuildFile; fileRef = 076084C628BFD1B5000A144B /* SessionHeadersProvider.swift */; };
		076084CA28BFD26B000A144B /* SessionManager.swift in Sources */ = {isa = PBXBuildFile; fileRef = 076084C928BFD26B000A144B /* SessionManager.swift */; };
		076084CC28BFD294000A144B /* Session.swift in Sources */ = {isa = PBXBuildFile; fileRef = 076084CB28BFD294000A144B /* Session.swift */; };
		076084CE28BFD2DF000A144B /* DictionaryExtension.swift in Sources */ = {isa = PBXBuildFile; fileRef = 076084CD28BFD2DF000A144B /* DictionaryExtension.swift */; };
		076084D028BFD30B000A144B /* HTTPHeader.swift in Sources */ = {isa = PBXBuildFile; fileRef = 076084CF28BFD30B000A144B /* HTTPHeader.swift */; };
		076084D228BFD387000A144B /* HeadersProvider.swift in Sources */ = {isa = PBXBuildFile; fileRef = 076084D128BFD387000A144B /* HeadersProvider.swift */; };
		076084D428BFD3B4000A144B /* RailsAPIHeadersProvider.swift in Sources */ = {isa = PBXBuildFile; fileRef = 076084D328BFD3B4000A144B /* RailsAPIHeadersProvider.swift */; };
		076084D628BFD4A5000A144B /* APIEndpoint.swift in Sources */ = {isa = PBXBuildFile; fileRef = 076084D528BFD4A5000A144B /* APIEndpoint.swift */; };
		076084D828BFD4E2000A144B /* Constants.swift in Sources */ = {isa = PBXBuildFile; fileRef = 076084D728BFD4E2000A144B /* Constants.swift */; };
		076084DB28BFD576000A144B /* APIError.swift in Sources */ = {isa = PBXBuildFile; fileRef = 076084DA28BFD576000A144B /* APIError.swift */; };
		076084DD28BFD6C7000A144B /* JSONDecoder.swift in Sources */ = {isa = PBXBuildFile; fileRef = 076084DC28BFD6C7000A144B /* JSONDecoder.swift */; };
		076084E128C25795000A144B /* HomeRoutes.swift in Sources */ = {isa = PBXBuildFile; fileRef = 076084E028C25795000A144B /* HomeRoutes.swift */; };
		076084E428C25A5A000A144B /* HomeViewController.swift in Sources */ = {isa = PBXBuildFile; fileRef = 076084E328C25A5A000A144B /* HomeViewController.swift */; };
		077DED6D28D233D80074DC24 /* SaveTargetViewController.swift in Sources */ = {isa = PBXBuildFile; fileRef = 077DED6C28D233D80074DC24 /* SaveTargetViewController.swift */; };
		077DED7028D4D9AD0074DC24 /* SaveTargetViewModel.swift in Sources */ = {isa = PBXBuildFile; fileRef = 077DED6F28D4D9AD0074DC24 /* SaveTargetViewModel.swift */; };
		077DED7228D4DFE30074DC24 /* TargetEndpoint.swift in Sources */ = {isa = PBXBuildFile; fileRef = 077DED7128D4DFE30074DC24 /* TargetEndpoint.swift */; };
		077DED7428D4E65F0074DC24 /* TargetServices.swift in Sources */ = {isa = PBXBuildFile; fileRef = 077DED7328D4E65F0074DC24 /* TargetServices.swift */; };
		07CC1E5A28E395AC00172EEA /* EncodingDestination.swift in Sources */ = {isa = PBXBuildFile; fileRef = 07CC1E5928E395AC00172EEA /* EncodingDestination.swift */; };
		07CC1E5E28FDA42100172EEA /* HomeViewModelTests.swift in Sources */ = {isa = PBXBuildFile; fileRef = 07CC1E5D28FDA42100172EEA /* HomeViewModelTests.swift */; };
		07CC1E6128FDA5D300172EEA /* TargetServicesMock.swift in Sources */ = {isa = PBXBuildFile; fileRef = 07CC1E6028FDA5D300172EEA /* TargetServicesMock.swift */; };
		07CC1E6328FEF18200172EEA /* TopicsResponse.swift in Sources */ = {isa = PBXBuildFile; fileRef = 07CC1E6228FEF18200172EEA /* TopicsResponse.swift */; };
		07CC1E67290057F000172EEA /* ChatsViewController.swift in Sources */ = {isa = PBXBuildFile; fileRef = 07CC1E66290057F000172EEA /* ChatsViewController.swift */; };
		07D0F70528C7A2ED00E014D1 /* SignInViewModel.swift in Sources */ = {isa = PBXBuildFile; fileRef = 07D0F70428C7A2ED00E014D1 /* SignInViewModel.swift */; };
		07D66A4E28A4638400308FF5 /* AppDelegate.swift in Sources */ = {isa = PBXBuildFile; fileRef = 07D66A4D28A4638400308FF5 /* AppDelegate.swift */; };
		07D66A5228A4638400308FF5 /* ViewController.swift in Sources */ = {isa = PBXBuildFile; fileRef = 07D66A5128A4638400308FF5 /* ViewController.swift */; };
		07D66A5728A4638500308FF5 /* Assets.xcassets in Resources */ = {isa = PBXBuildFile; fileRef = 07D66A5628A4638500308FF5 /* Assets.xcassets */; };
		07D66A5A28A4638500308FF5 /* LaunchScreen.storyboard in Resources */ = {isa = PBXBuildFile; fileRef = 07D66A5828A4638500308FF5 /* LaunchScreen.storyboard */; };
		07D66A6528A4638500308FF5 /* target_appTests.swift in Sources */ = {isa = PBXBuildFile; fileRef = 07D66A6428A4638500308FF5 /* target_appTests.swift */; };
		07D66A6F28A4638600308FF5 /* target_appUITests.swift in Sources */ = {isa = PBXBuildFile; fileRef = 07D66A6E28A4638600308FF5 /* target_appUITests.swift */; };
		07D66A7128A4638600308FF5 /* target_appUITestsLaunchTests.swift in Sources */ = {isa = PBXBuildFile; fileRef = 07D66A7028A4638600308FF5 /* target_appUITestsLaunchTests.swift */; };
		07E4E5A029008DBC0046CC87 /* Match.swift in Sources */ = {isa = PBXBuildFile; fileRef = 07E4E59F29008DBC0046CC87 /* Match.swift */; };
		07E4E5A229008F0F0046CC87 /* MatchResponse.swift in Sources */ = {isa = PBXBuildFile; fileRef = 07E4E5A129008F0F0046CC87 /* MatchResponse.swift */; };
		07E4E5A4290327830046CC87 /* ConversationTableViewCell.swift in Sources */ = {isa = PBXBuildFile; fileRef = 07E4E5A3290327830046CC87 /* ConversationTableViewCell.swift */; };
		15B83B834E2D969DE7FFA63E /* libPods-target-app-target-appUITests.a in Frameworks */ = {isa = PBXBuildFile; fileRef = 32CB93664FBE19466DCEBEAE /* libPods-target-app-target-appUITests.a */; };
		3A3B32ECD11DD3FF8A55A7EE /* libPods-target-app.a in Frameworks */ = {isa = PBXBuildFile; fileRef = 708E00B85949411F44313D71 /* libPods-target-app.a */; };
		CFE044E1DB1E1A8F24C1C1C4 /* libPods-target-appTests.a in Frameworks */ = {isa = PBXBuildFile; fileRef = 0E6BA953339B4CC154813906 /* libPods-target-appTests.a */; };
/* End PBXBuildFile section */

/* Begin PBXContainerItemProxy section */
		07D66A6128A4638500308FF5 /* PBXContainerItemProxy */ = {
			isa = PBXContainerItemProxy;
			containerPortal = 07D66A4228A4638400308FF5 /* Project object */;
			proxyType = 1;
			remoteGlobalIDString = 07D66A4928A4638400308FF5;
			remoteInfo = "target-app";
		};
		07D66A6B28A4638600308FF5 /* PBXContainerItemProxy */ = {
			isa = PBXContainerItemProxy;
			containerPortal = 07D66A4228A4638400308FF5 /* Project object */;
			proxyType = 1;
			remoteGlobalIDString = 07D66A4928A4638400308FF5;
			remoteInfo = "target-app";
		};
/* End PBXContainerItemProxy section */

/* Begin PBXFileReference section */
		072DA03D28CBCC7200936C06 /* LocationManager.swift */ = {isa = PBXFileReference; lastKnownFileType = sourcecode.swift; path = LocationManager.swift; sourceTree = "<group>"; };
		072DA04328CFC71000936C06 /* CreateTargetView.swift */ = {isa = PBXFileReference; lastKnownFileType = sourcecode.swift; path = CreateTargetView.swift; sourceTree = "<group>"; };
		0755414928D5060100A4C4FF /* UserResponse.swift */ = {isa = PBXFileReference; lastKnownFileType = sourcecode.swift; path = UserResponse.swift; sourceTree = "<group>"; };
		0755414C28D5068E00A4C4FF /* Target.swift */ = {isa = PBXFileReference; lastKnownFileType = sourcecode.swift; path = Target.swift; sourceTree = "<group>"; };
		0755414E28D506A100A4C4FF /* TargetResponse.swift */ = {isa = PBXFileReference; lastKnownFileType = sourcecode.swift; path = TargetResponse.swift; sourceTree = "<group>"; };
		0755415028D8BBD700A4C4FF /* UserManager.swift */ = {isa = PBXFileReference; lastKnownFileType = sourcecode.swift; path = UserManager.swift; sourceTree = "<group>"; };
		0755415828E21BC200A4C4FF /* HomeViewModel.swift */ = {isa = PBXFileReference; lastKnownFileType = sourcecode.swift; path = HomeViewModel.swift; sourceTree = "<group>"; };
		0755415A28E25D7000A4C4FF /* TargetsResponse.swift */ = {isa = PBXFileReference; lastKnownFileType = sourcecode.swift; path = TargetsResponse.swift; sourceTree = "<group>"; };
		0760846728A69DA3000A144B /* SignInViewController.swift */ = {isa = PBXFileReference; lastKnownFileType = sourcecode.swift; path = SignInViewController.swift; sourceTree = "<group>"; };
		0760847028ABFDDC000A144B /* Navigator.swift */ = {isa = PBXFileReference; lastKnownFileType = sourcecode.swift; path = Navigator.swift; sourceTree = "<group>"; };
		0760847228ABFDF2000A144B /* AppNavigator.swift */ = {isa = PBXFileReference; lastKnownFileType = sourcecode.swift; path = AppNavigator.swift; sourceTree = "<group>"; };
		0760847528ABFED2000A144B /* OnboardingRoutes.swift */ = {isa = PBXFileReference; lastKnownFileType = sourcecode.swift; path = OnboardingRoutes.swift; sourceTree = "<group>"; };
		0760847928AD7EFB000A144B /* ViewControllerExtension.swift */ = {isa = PBXFileReference; lastKnownFileType = sourcecode.swift; path = ViewControllerExtension.swift; sourceTree = "<group>"; };
		0760847B28AD7F19000A144B /* ColorExtension.swift */ = {isa = PBXFileReference; lastKnownFileType = sourcecode.swift; path = ColorExtension.swift; sourceTree = "<group>"; };
		0760847D28AD8160000A144B /* ViewExtension.swift */ = {isa = PBXFileReference; lastKnownFileType = sourcecode.swift; path = ViewExtension.swift; sourceTree = "<group>"; };
		0760848028AD8936000A144B /* UIConstants.swift */ = {isa = PBXFileReference; lastKnownFileType = sourcecode.swift; path = UIConstants.swift; sourceTree = "<group>"; };
		0760848228AE47AE000A144B /* TextFieldExtension.swift */ = {isa = PBXFileReference; lastKnownFileType = sourcecode.swift; path = TextFieldExtension.swift; sourceTree = "<group>"; };
		0760848428AE4BAC000A144B /* ButtonExtension.swift */ = {isa = PBXFileReference; lastKnownFileType = sourcecode.swift; path = ButtonExtension.swift; sourceTree = "<group>"; };
		0760848828AE5545000A144B /* LabelExtension.swift */ = {isa = PBXFileReference; lastKnownFileType = sourcecode.swift; path = LabelExtension.swift; sourceTree = "<group>"; };
		0760848A28AE5A47000A144B /* StringExtension.swift */ = {isa = PBXFileReference; lastKnownFileType = sourcecode.swift; path = StringExtension.swift; sourceTree = "<group>"; };
		0760848E28AE5AC7000A144B /* Localizable.strings */ = {isa = PBXFileReference; lastKnownFileType = text.plist.strings; path = Localizable.strings; sourceTree = "<group>"; };
		0760849428B54769000A144B /* TestViewController.swift */ = {isa = PBXFileReference; lastKnownFileType = sourcecode.swift; path = TestViewController.swift; sourceTree = "<group>"; };
		0760849628B925DD000A144B /* SignUpViewController.swift */ = {isa = PBXFileReference; lastKnownFileType = sourcecode.swift; path = SignUpViewController.swift; sourceTree = "<group>"; };
		0760849928BD3EF1000A144B /* SignUpViewModel.swift */ = {isa = PBXFileReference; lastKnownFileType = sourcecode.swift; path = SignUpViewModel.swift; sourceTree = "<group>"; };
		0760849D28BE6B11000A144B /* NetworkState.swift */ = {isa = PBXFileReference; lastKnownFileType = sourcecode.swift; path = NetworkState.swift; sourceTree = "<group>"; };
		0760849F28BE6C42000A144B /* AuthViewModelStateDelegate.swift */ = {isa = PBXFileReference; lastKnownFileType = sourcecode.swift; path = AuthViewModelStateDelegate.swift; sourceTree = "<group>"; };
		076084A328BF8013000A144B /* AuthenticationServices.swift */ = {isa = PBXFileReference; lastKnownFileType = sourcecode.swift; path = AuthenticationServices.swift; sourceTree = "<group>"; };
		076084A528BF80AE000A144B /* BaseAPIClient.swift */ = {isa = PBXFileReference; lastKnownFileType = sourcecode.swift; path = BaseAPIClient.swift; sourceTree = "<group>"; };
		076084A828BF8136000A144B /* APIClient.swift */ = {isa = PBXFileReference; lastKnownFileType = sourcecode.swift; path = APIClient.swift; sourceTree = "<group>"; };
		076084AC28BF81F6000A144B /* EncodingConfiguration.swift */ = {isa = PBXFileReference; lastKnownFileType = sourcecode.swift; path = EncodingConfiguration.swift; sourceTree = "<group>"; };
		076084AE28BF82AF000A144B /* User.swift */ = {isa = PBXFileReference; lastKnownFileType = sourcecode.swift; path = User.swift; sourceTree = "<group>"; };
		076084B128BFA6A2000A144B /* AuthEndpoint.swift */ = {isa = PBXFileReference; lastKnownFileType = sourcecode.swift; path = AuthEndpoint.swift; sourceTree = "<group>"; };
		076084B328BFA6F8000A144B /* Endpoint.swift */ = {isa = PBXFileReference; lastKnownFileType = sourcecode.swift; path = Endpoint.swift; sourceTree = "<group>"; };
		076084B528BFA734000A144B /* RailsAPIEndpoint.swift */ = {isa = PBXFileReference; lastKnownFileType = sourcecode.swift; path = RailsAPIEndpoint.swift; sourceTree = "<group>"; };
		076084B828BFB8BB000A144B /* APIClient+Product.swift */ = {isa = PBXFileReference; lastKnownFileType = sourcecode.swift; path = "APIClient+Product.swift"; sourceTree = "<group>"; };
		076084BB28BFB98B000A144B /* AlamofireNetworkProvider.swift */ = {isa = PBXFileReference; lastKnownFileType = sourcecode.swift; path = AlamofireNetworkProvider.swift; sourceTree = "<group>"; };
		076084BE28BFC618000A144B /* NetworkProvider.swift */ = {isa = PBXFileReference; lastKnownFileType = sourcecode.swift; path = NetworkProvider.swift; sourceTree = "<group>"; };
		076084C028BFC657000A144B /* Network.swift */ = {isa = PBXFileReference; lastKnownFileType = sourcecode.swift; path = Network.swift; sourceTree = "<group>"; };
		076084C228BFC73A000A144B /* Cancellable.swift */ = {isa = PBXFileReference; lastKnownFileType = sourcecode.swift; path = Cancellable.swift; sourceTree = "<group>"; };
		076084C428BFD0EF000A144B /* DecodingConfiguration.swift */ = {isa = PBXFileReference; lastKnownFileType = sourcecode.swift; path = DecodingConfiguration.swift; sourceTree = "<group>"; };
		076084C628BFD1B5000A144B /* SessionHeadersProvider.swift */ = {isa = PBXFileReference; lastKnownFileType = sourcecode.swift; path = SessionHeadersProvider.swift; sourceTree = "<group>"; };
		076084C928BFD26B000A144B /* SessionManager.swift */ = {isa = PBXFileReference; lastKnownFileType = sourcecode.swift; path = SessionManager.swift; sourceTree = "<group>"; };
		076084CB28BFD294000A144B /* Session.swift */ = {isa = PBXFileReference; lastKnownFileType = sourcecode.swift; path = Session.swift; sourceTree = "<group>"; };
		076084CD28BFD2DF000A144B /* DictionaryExtension.swift */ = {isa = PBXFileReference; lastKnownFileType = sourcecode.swift; path = DictionaryExtension.swift; sourceTree = "<group>"; };
		076084CF28BFD30B000A144B /* HTTPHeader.swift */ = {isa = PBXFileReference; lastKnownFileType = sourcecode.swift; path = HTTPHeader.swift; sourceTree = "<group>"; };
		076084D128BFD387000A144B /* HeadersProvider.swift */ = {isa = PBXFileReference; lastKnownFileType = sourcecode.swift; path = HeadersProvider.swift; sourceTree = "<group>"; };
		076084D328BFD3B4000A144B /* RailsAPIHeadersProvider.swift */ = {isa = PBXFileReference; lastKnownFileType = sourcecode.swift; path = RailsAPIHeadersProvider.swift; sourceTree = "<group>"; };
		076084D528BFD4A5000A144B /* APIEndpoint.swift */ = {isa = PBXFileReference; lastKnownFileType = sourcecode.swift; path = APIEndpoint.swift; sourceTree = "<group>"; };
		076084D728BFD4E2000A144B /* Constants.swift */ = {isa = PBXFileReference; lastKnownFileType = sourcecode.swift; path = Constants.swift; sourceTree = "<group>"; };
		076084DA28BFD576000A144B /* APIError.swift */ = {isa = PBXFileReference; lastKnownFileType = sourcecode.swift; path = APIError.swift; sourceTree = "<group>"; };
		076084DC28BFD6C7000A144B /* JSONDecoder.swift */ = {isa = PBXFileReference; lastKnownFileType = sourcecode.swift; path = JSONDecoder.swift; sourceTree = "<group>"; };
		076084E028C25795000A144B /* HomeRoutes.swift */ = {isa = PBXFileReference; lastKnownFileType = sourcecode.swift; path = HomeRoutes.swift; sourceTree = "<group>"; };
		076084E328C25A5A000A144B /* HomeViewController.swift */ = {isa = PBXFileReference; lastKnownFileType = sourcecode.swift; path = HomeViewController.swift; sourceTree = "<group>"; };
		077DED6C28D233D80074DC24 /* SaveTargetViewController.swift */ = {isa = PBXFileReference; lastKnownFileType = sourcecode.swift; path = SaveTargetViewController.swift; sourceTree = "<group>"; };
		077DED6F28D4D9AD0074DC24 /* SaveTargetViewModel.swift */ = {isa = PBXFileReference; lastKnownFileType = sourcecode.swift; path = SaveTargetViewModel.swift; sourceTree = "<group>"; };
		077DED7128D4DFE30074DC24 /* TargetEndpoint.swift */ = {isa = PBXFileReference; lastKnownFileType = sourcecode.swift; path = TargetEndpoint.swift; sourceTree = "<group>"; };
		077DED7328D4E65F0074DC24 /* TargetServices.swift */ = {isa = PBXFileReference; lastKnownFileType = sourcecode.swift; path = TargetServices.swift; sourceTree = "<group>"; };
		07CC1E5928E395AC00172EEA /* EncodingDestination.swift */ = {isa = PBXFileReference; lastKnownFileType = sourcecode.swift; path = EncodingDestination.swift; sourceTree = "<group>"; };
		07CC1E5D28FDA42100172EEA /* HomeViewModelTests.swift */ = {isa = PBXFileReference; lastKnownFileType = sourcecode.swift; path = HomeViewModelTests.swift; sourceTree = "<group>"; };
		07CC1E6028FDA5D300172EEA /* TargetServicesMock.swift */ = {isa = PBXFileReference; lastKnownFileType = sourcecode.swift; path = TargetServicesMock.swift; sourceTree = "<group>"; };
		07CC1E6228FEF18200172EEA /* TopicsResponse.swift */ = {isa = PBXFileReference; lastKnownFileType = sourcecode.swift; path = TopicsResponse.swift; sourceTree = "<group>"; };
		07CC1E66290057F000172EEA /* ChatsViewController.swift */ = {isa = PBXFileReference; lastKnownFileType = sourcecode.swift; path = ChatsViewController.swift; sourceTree = "<group>"; };
		07D0F70428C7A2ED00E014D1 /* SignInViewModel.swift */ = {isa = PBXFileReference; lastKnownFileType = sourcecode.swift; path = SignInViewModel.swift; sourceTree = "<group>"; };
		07D66A4A28A4638400308FF5 /* target-app.app */ = {isa = PBXFileReference; explicitFileType = wrapper.application; includeInIndex = 0; path = "target-app.app"; sourceTree = BUILT_PRODUCTS_DIR; };
		07D66A4D28A4638400308FF5 /* AppDelegate.swift */ = {isa = PBXFileReference; lastKnownFileType = sourcecode.swift; path = AppDelegate.swift; sourceTree = "<group>"; };
		07D66A5128A4638400308FF5 /* ViewController.swift */ = {isa = PBXFileReference; lastKnownFileType = sourcecode.swift; path = ViewController.swift; sourceTree = "<group>"; };
		07D66A5628A4638500308FF5 /* Assets.xcassets */ = {isa = PBXFileReference; lastKnownFileType = folder.assetcatalog; path = Assets.xcassets; sourceTree = "<group>"; };
		07D66A5928A4638500308FF5 /* Base */ = {isa = PBXFileReference; lastKnownFileType = file.storyboard; name = Base; path = Base.lproj/LaunchScreen.storyboard; sourceTree = "<group>"; };
		07D66A5B28A4638500308FF5 /* Info.plist */ = {isa = PBXFileReference; lastKnownFileType = text.plist.xml; path = Info.plist; sourceTree = "<group>"; };
		07D66A6028A4638500308FF5 /* target-appTests.xctest */ = {isa = PBXFileReference; explicitFileType = wrapper.cfbundle; includeInIndex = 0; path = "target-appTests.xctest"; sourceTree = BUILT_PRODUCTS_DIR; };
		07D66A6428A4638500308FF5 /* target_appTests.swift */ = {isa = PBXFileReference; lastKnownFileType = sourcecode.swift; path = target_appTests.swift; sourceTree = "<group>"; };
		07D66A6A28A4638600308FF5 /* target-appUITests.xctest */ = {isa = PBXFileReference; explicitFileType = wrapper.cfbundle; includeInIndex = 0; path = "target-appUITests.xctest"; sourceTree = BUILT_PRODUCTS_DIR; };
		07D66A6E28A4638600308FF5 /* target_appUITests.swift */ = {isa = PBXFileReference; lastKnownFileType = sourcecode.swift; path = target_appUITests.swift; sourceTree = "<group>"; };
		07D66A7028A4638600308FF5 /* target_appUITestsLaunchTests.swift */ = {isa = PBXFileReference; lastKnownFileType = sourcecode.swift; path = target_appUITestsLaunchTests.swift; sourceTree = "<group>"; };
		07E4E59F29008DBC0046CC87 /* Match.swift */ = {isa = PBXFileReference; lastKnownFileType = sourcecode.swift; path = Match.swift; sourceTree = "<group>"; };
		07E4E5A129008F0F0046CC87 /* MatchResponse.swift */ = {isa = PBXFileReference; lastKnownFileType = sourcecode.swift; path = MatchResponse.swift; sourceTree = "<group>"; };
		07E4E5A3290327830046CC87 /* ConversationTableViewCell.swift */ = {isa = PBXFileReference; lastKnownFileType = sourcecode.swift; path = ConversationTableViewCell.swift; sourceTree = "<group>"; };
		0886044729E0392EAE8D62A3 /* Pods-target-appTests.release.xcconfig */ = {isa = PBXFileReference; includeInIndex = 1; lastKnownFileType = text.xcconfig; name = "Pods-target-appTests.release.xcconfig"; path = "Target Support Files/Pods-target-appTests/Pods-target-appTests.release.xcconfig"; sourceTree = "<group>"; };
		0E6BA953339B4CC154813906 /* libPods-target-appTests.a */ = {isa = PBXFileReference; explicitFileType = archive.ar; includeInIndex = 0; path = "libPods-target-appTests.a"; sourceTree = BUILT_PRODUCTS_DIR; };
		15AF5909434E146462E450C6 /* Pods-target-appTests.debug.xcconfig */ = {isa = PBXFileReference; includeInIndex = 1; lastKnownFileType = text.xcconfig; name = "Pods-target-appTests.debug.xcconfig"; path = "Target Support Files/Pods-target-appTests/Pods-target-appTests.debug.xcconfig"; sourceTree = "<group>"; };
		32CB93664FBE19466DCEBEAE /* libPods-target-app-target-appUITests.a */ = {isa = PBXFileReference; explicitFileType = archive.ar; includeInIndex = 0; path = "libPods-target-app-target-appUITests.a"; sourceTree = BUILT_PRODUCTS_DIR; };
		708E00B85949411F44313D71 /* libPods-target-app.a */ = {isa = PBXFileReference; explicitFileType = archive.ar; includeInIndex = 0; path = "libPods-target-app.a"; sourceTree = BUILT_PRODUCTS_DIR; };
		7BDF7F01F64EC2448F34DF0E /* Pods-target-app.release.xcconfig */ = {isa = PBXFileReference; includeInIndex = 1; lastKnownFileType = text.xcconfig; name = "Pods-target-app.release.xcconfig"; path = "Target Support Files/Pods-target-app/Pods-target-app.release.xcconfig"; sourceTree = "<group>"; };
		81FCB3D84DE8D1F9E578CE8D /* Pods-target-app.debug.xcconfig */ = {isa = PBXFileReference; includeInIndex = 1; lastKnownFileType = text.xcconfig; name = "Pods-target-app.debug.xcconfig"; path = "Target Support Files/Pods-target-app/Pods-target-app.debug.xcconfig"; sourceTree = "<group>"; };
		B29E6A5EE8E2971489FB62E5 /* Pods-target-app-target-appUITests.release.xcconfig */ = {isa = PBXFileReference; includeInIndex = 1; lastKnownFileType = text.xcconfig; name = "Pods-target-app-target-appUITests.release.xcconfig"; path = "Target Support Files/Pods-target-app-target-appUITests/Pods-target-app-target-appUITests.release.xcconfig"; sourceTree = "<group>"; };
		C33D2615CF21FFF816A86058 /* Pods-target-app-target-appUITests.debug.xcconfig */ = {isa = PBXFileReference; includeInIndex = 1; lastKnownFileType = text.xcconfig; name = "Pods-target-app-target-appUITests.debug.xcconfig"; path = "Target Support Files/Pods-target-app-target-appUITests/Pods-target-app-target-appUITests.debug.xcconfig"; sourceTree = "<group>"; };
/* End PBXFileReference section */

/* Begin PBXFrameworksBuildPhase section */
		07D66A4728A4638400308FF5 /* Frameworks */ = {
			isa = PBXFrameworksBuildPhase;
			buildActionMask = 2147483647;
			files = (
				3A3B32ECD11DD3FF8A55A7EE /* libPods-target-app.a in Frameworks */,
			);
			runOnlyForDeploymentPostprocessing = 0;
		};
		07D66A5D28A4638500308FF5 /* Frameworks */ = {
			isa = PBXFrameworksBuildPhase;
			buildActionMask = 2147483647;
			files = (
				CFE044E1DB1E1A8F24C1C1C4 /* libPods-target-appTests.a in Frameworks */,
			);
			runOnlyForDeploymentPostprocessing = 0;
		};
		07D66A6728A4638600308FF5 /* Frameworks */ = {
			isa = PBXFrameworksBuildPhase;
			buildActionMask = 2147483647;
			files = (
				15B83B834E2D969DE7FFA63E /* libPods-target-app-target-appUITests.a in Frameworks */,
			);
			runOnlyForDeploymentPostprocessing = 0;
		};
/* End PBXFrameworksBuildPhase section */

/* Begin PBXGroup section */
		0755414B28D5067A00A4C4FF /* Models */ = {
			isa = PBXGroup;
			children = (
				0755414C28D5068E00A4C4FF /* Target.swift */,
				0755414E28D506A100A4C4FF /* TargetResponse.swift */,
				0755415A28E25D7000A4C4FF /* TargetsResponse.swift */,
				07CC1E6228FEF18200172EEA /* TopicsResponse.swift */,
			);
			path = Models;
			sourceTree = "<group>";
		};
		0760846628A69B1A000A144B /* Views */ = {
			isa = PBXGroup;
			children = (
				0760846728A69DA3000A144B /* SignInViewController.swift */,
				0760849428B54769000A144B /* TestViewController.swift */,
				0760849628B925DD000A144B /* SignUpViewController.swift */,
			);
			path = Views;
			sourceTree = "<group>";
		};
		0760846F28ABFDBD000A144B /* Navigators */ = {
			isa = PBXGroup;
			children = (
				0760847028ABFDDC000A144B /* Navigator.swift */,
				0760847228ABFDF2000A144B /* AppNavigator.swift */,
			);
			path = Navigators;
			sourceTree = "<group>";
		};
		0760847428ABFEC3000A144B /* Routes */ = {
			isa = PBXGroup;
			children = (
				0760847528ABFED2000A144B /* OnboardingRoutes.swift */,
			);
			path = Routes;
			sourceTree = "<group>";
		};
		0760847728AC0652000A144B /* Onboarding */ = {
			isa = PBXGroup;
			children = (
				0760849828BD3E3A000A144B /* ViewModels */,
				0760846628A69B1A000A144B /* Views */,
				0760847428ABFEC3000A144B /* Routes */,
			);
			path = Onboarding;
			sourceTree = "<group>";
		};
		0760847828AD7EDA000A144B /* Extensions */ = {
			isa = PBXGroup;
			children = (
				0760847928AD7EFB000A144B /* ViewControllerExtension.swift */,
				0760847B28AD7F19000A144B /* ColorExtension.swift */,
				0760847D28AD8160000A144B /* ViewExtension.swift */,
				0760848228AE47AE000A144B /* TextFieldExtension.swift */,
				0760848428AE4BAC000A144B /* ButtonExtension.swift */,
				0760848828AE5545000A144B /* LabelExtension.swift */,
				0760848A28AE5A47000A144B /* StringExtension.swift */,
				076084CD28BFD2DF000A144B /* DictionaryExtension.swift */,
			);
			path = Extensions;
			sourceTree = "<group>";
		};
		0760847F28AD890B000A144B /* Helpers */ = {
			isa = PBXGroup;
			children = (
				0760848028AD8936000A144B /* UIConstants.swift */,
				076084D728BFD4E2000A144B /* Constants.swift */,
			);
			path = Helpers;
			sourceTree = "<group>";
		};
		0760848C28AE5AA5000A144B /* Resources */ = {
			isa = PBXGroup;
			children = (
				0760848D28AE5AAD000A144B /* Localization */,
			);
			path = Resources;
			sourceTree = "<group>";
		};
		0760848D28AE5AAD000A144B /* Localization */ = {
			isa = PBXGroup;
			children = (
				0760848E28AE5AC7000A144B /* Localizable.strings */,
			);
			path = Localization;
			sourceTree = "<group>";
		};
		0760849828BD3E3A000A144B /* ViewModels */ = {
			isa = PBXGroup;
			children = (
				0760849928BD3EF1000A144B /* SignUpViewModel.swift */,
				07D0F70428C7A2ED00E014D1 /* SignInViewModel.swift */,
			);
			path = ViewModels;
			sourceTree = "<group>";
		};
		0760849B28BE6AEF000A144B /* Common */ = {
			isa = PBXGroup;
			children = (
				0760849C28BE6AFD000A144B /* Models */,
			);
			path = Common;
			sourceTree = "<group>";
		};
		0760849C28BE6AFD000A144B /* Models */ = {
			isa = PBXGroup;
			children = (
				0760849D28BE6B11000A144B /* NetworkState.swift */,
				0760849F28BE6C42000A144B /* AuthViewModelStateDelegate.swift */,
				076084AE28BF82AF000A144B /* User.swift */,
				0755414928D5060100A4C4FF /* UserResponse.swift */,
				076084CB28BFD294000A144B /* Session.swift */,
			);
			path = Models;
			sourceTree = "<group>";
		};
		076084A128BF7FFC000A144B /* Networking */ = {
			isa = PBXGroup;
			children = (
				076084D928BFD56A000A144B /* Errors */,
				076084B728BFB8AB000A144B /* Extensions */,
				076084AA28BF8187000A144B /* Types */,
				076084A728BF8129000A144B /* Protocols */,
				076084A228BF8004000A144B /* Services */,
			);
			path = Networking;
			sourceTree = "<group>";
		};
		076084A228BF8004000A144B /* Services */ = {
			isa = PBXGroup;
			children = (
				076084B028BFA685000A144B /* Endpoints */,
				076084A328BF8013000A144B /* AuthenticationServices.swift */,
				076084A528BF80AE000A144B /* BaseAPIClient.swift */,
				077DED7328D4E65F0074DC24 /* TargetServices.swift */,
			);
			path = Services;
			sourceTree = "<group>";
		};
		076084A728BF8129000A144B /* Protocols */ = {
			isa = PBXGroup;
			children = (
				076084A828BF8136000A144B /* APIClient.swift */,
				076084BE28BFC618000A144B /* NetworkProvider.swift */,
				076084C228BFC73A000A144B /* Cancellable.swift */,
				076084D128BFD387000A144B /* HeadersProvider.swift */,
			);
			path = Protocols;
			sourceTree = "<group>";
		};
		076084AA28BF8187000A144B /* Types */ = {
			isa = PBXGroup;
			children = (
				076084BA28BFB980000A144B /* Network */,
				076084AB28BF8192000A144B /* API */,
			);
			path = Types;
			sourceTree = "<group>";
		};
		076084AB28BF8192000A144B /* API */ = {
			isa = PBXGroup;
			children = (
				076084AC28BF81F6000A144B /* EncodingConfiguration.swift */,
				076084B328BFA6F8000A144B /* Endpoint.swift */,
				076084C428BFD0EF000A144B /* DecodingConfiguration.swift */,
				076084C628BFD1B5000A144B /* SessionHeadersProvider.swift */,
				076084CF28BFD30B000A144B /* HTTPHeader.swift */,
				076084D328BFD3B4000A144B /* RailsAPIHeadersProvider.swift */,
				076084D528BFD4A5000A144B /* APIEndpoint.swift */,
				07CC1E5928E395AC00172EEA /* EncodingDestination.swift */,
			);
			path = API;
			sourceTree = "<group>";
		};
		076084B028BFA685000A144B /* Endpoints */ = {
			isa = PBXGroup;
			children = (
				076084B128BFA6A2000A144B /* AuthEndpoint.swift */,
				076084B528BFA734000A144B /* RailsAPIEndpoint.swift */,
				077DED7128D4DFE30074DC24 /* TargetEndpoint.swift */,
			);
			path = Endpoints;
			sourceTree = "<group>";
		};
		076084B728BFB8AB000A144B /* Extensions */ = {
			isa = PBXGroup;
			children = (
				076084B828BFB8BB000A144B /* APIClient+Product.swift */,
				076084DC28BFD6C7000A144B /* JSONDecoder.swift */,
			);
			path = Extensions;
			sourceTree = "<group>";
		};
		076084BA28BFB980000A144B /* Network */ = {
			isa = PBXGroup;
			children = (
				076084BB28BFB98B000A144B /* AlamofireNetworkProvider.swift */,
				076084C028BFC657000A144B /* Network.swift */,
			);
			path = Network;
			sourceTree = "<group>";
		};
		076084C828BFD255000A144B /* Managers */ = {
			isa = PBXGroup;
			children = (
				076084C928BFD26B000A144B /* SessionManager.swift */,
				072DA03D28CBCC7200936C06 /* LocationManager.swift */,
				0755415028D8BBD700A4C4FF /* UserManager.swift */,
			);
			path = Managers;
			sourceTree = "<group>";
		};
		076084D928BFD56A000A144B /* Errors */ = {
			isa = PBXGroup;
			children = (
				076084DA28BFD576000A144B /* APIError.swift */,
			);
			path = Errors;
			sourceTree = "<group>";
		};
		076084DE28C256DD000A144B /* Home */ = {
			isa = PBXGroup;
			children = (
				0755414B28D5067A00A4C4FF /* Models */,
				077DED6E28D4D9530074DC24 /* ViewModels */,
				076084E228C257A4000A144B /* Views */,
				076084DF28C256EA000A144B /* Routes */,
			);
			path = Home;
			sourceTree = "<group>";
		};
		076084DF28C256EA000A144B /* Routes */ = {
			isa = PBXGroup;
			children = (
				076084E028C25795000A144B /* HomeRoutes.swift */,
			);
			path = Routes;
			sourceTree = "<group>";
		};
		076084E228C257A4000A144B /* Views */ = {
			isa = PBXGroup;
			children = (
				076084E328C25A5A000A144B /* HomeViewController.swift */,
				072DA04328CFC71000936C06 /* CreateTargetView.swift */,
				077DED6C28D233D80074DC24 /* SaveTargetViewController.swift */,
			);
			path = Views;
			sourceTree = "<group>";
		};
		077DED6E28D4D9530074DC24 /* ViewModels */ = {
			isa = PBXGroup;
			children = (
				077DED6F28D4D9AD0074DC24 /* SaveTargetViewModel.swift */,
				0755415828E21BC200A4C4FF /* HomeViewModel.swift */,
			);
			path = ViewModels;
			sourceTree = "<group>";
		};
		07CC1E5F28FDA5BA00172EEA /* Mocks */ = {
			isa = PBXGroup;
			children = (
				07CC1E6028FDA5D300172EEA /* TargetServicesMock.swift */,
			);
			path = Mocks;
			sourceTree = "<group>";
		};
		07CC1E64290056A200172EEA /* Chat */ = {
			isa = PBXGroup;
			children = (
				07CC1E6829008D6900172EEA /* Models */,
				07CC1E65290057CB00172EEA /* Views */,
			);
			path = Chat;
			sourceTree = "<group>";
		};
		07CC1E65290057CB00172EEA /* Views */ = {
			isa = PBXGroup;
			children = (
				07CC1E66290057F000172EEA /* ChatsViewController.swift */,
				07E4E5A3290327830046CC87 /* ConversationTableViewCell.swift */,
			);
			path = Views;
			sourceTree = "<group>";
		};
		07CC1E6829008D6900172EEA /* Models */ = {
			isa = PBXGroup;
			children = (
				07E4E59F29008DBC0046CC87 /* Match.swift */,
				07E4E5A129008F0F0046CC87 /* MatchResponse.swift */,
			);
			path = Models;
			sourceTree = "<group>";
		};
		07D66A4128A4638400308FF5 = {
			isa = PBXGroup;
			children = (
				07D66A4C28A4638400308FF5 /* target-app */,
				07D66A6328A4638500308FF5 /* target-appTests */,
				07D66A6D28A4638600308FF5 /* target-appUITests */,
				07D66A4B28A4638400308FF5 /* Products */,
				92AD1B182DD65E9018E44E1A /* Pods */,
				6A1D0838FDEB134BEA019989 /* Frameworks */,
			);
			sourceTree = "<group>";
		};
		07D66A4B28A4638400308FF5 /* Products */ = {
			isa = PBXGroup;
			children = (
				07D66A4A28A4638400308FF5 /* target-app.app */,
				07D66A6028A4638500308FF5 /* target-appTests.xctest */,
				07D66A6A28A4638600308FF5 /* target-appUITests.xctest */,
			);
			name = Products;
			sourceTree = "<group>";
		};
		07D66A4C28A4638400308FF5 /* target-app */ = {
			isa = PBXGroup;
			children = (
				07CC1E64290056A200172EEA /* Chat */,
				076084DE28C256DD000A144B /* Home */,
				076084C828BFD255000A144B /* Managers */,
				076084A128BF7FFC000A144B /* Networking */,
				0760849B28BE6AEF000A144B /* Common */,
				0760848C28AE5AA5000A144B /* Resources */,
				0760847F28AD890B000A144B /* Helpers */,
				0760847828AD7EDA000A144B /* Extensions */,
				0760847728AC0652000A144B /* Onboarding */,
				0760846F28ABFDBD000A144B /* Navigators */,
				07D66A4D28A4638400308FF5 /* AppDelegate.swift */,
				07D66A5128A4638400308FF5 /* ViewController.swift */,
				07D66A5628A4638500308FF5 /* Assets.xcassets */,
				07D66A5828A4638500308FF5 /* LaunchScreen.storyboard */,
				07D66A5B28A4638500308FF5 /* Info.plist */,
			);
			path = "target-app";
			sourceTree = "<group>";
		};
		07D66A6328A4638500308FF5 /* target-appTests */ = {
			isa = PBXGroup;
			children = (
				07CC1E5F28FDA5BA00172EEA /* Mocks */,
				07D66A6428A4638500308FF5 /* target_appTests.swift */,
				07CC1E5D28FDA42100172EEA /* HomeViewModelTests.swift */,
			);
			path = "target-appTests";
			sourceTree = "<group>";
		};
		07D66A6D28A4638600308FF5 /* target-appUITests */ = {
			isa = PBXGroup;
			children = (
				07D66A6E28A4638600308FF5 /* target_appUITests.swift */,
				07D66A7028A4638600308FF5 /* target_appUITestsLaunchTests.swift */,
			);
			path = "target-appUITests";
			sourceTree = "<group>";
		};
		6A1D0838FDEB134BEA019989 /* Frameworks */ = {
			isa = PBXGroup;
			children = (
				708E00B85949411F44313D71 /* libPods-target-app.a */,
				32CB93664FBE19466DCEBEAE /* libPods-target-app-target-appUITests.a */,
				0E6BA953339B4CC154813906 /* libPods-target-appTests.a */,
			);
			name = Frameworks;
			sourceTree = "<group>";
		};
		92AD1B182DD65E9018E44E1A /* Pods */ = {
			isa = PBXGroup;
			children = (
				81FCB3D84DE8D1F9E578CE8D /* Pods-target-app.debug.xcconfig */,
				7BDF7F01F64EC2448F34DF0E /* Pods-target-app.release.xcconfig */,
				C33D2615CF21FFF816A86058 /* Pods-target-app-target-appUITests.debug.xcconfig */,
				B29E6A5EE8E2971489FB62E5 /* Pods-target-app-target-appUITests.release.xcconfig */,
				15AF5909434E146462E450C6 /* Pods-target-appTests.debug.xcconfig */,
				0886044729E0392EAE8D62A3 /* Pods-target-appTests.release.xcconfig */,
			);
			path = Pods;
			sourceTree = "<group>";
		};
/* End PBXGroup section */

/* Begin PBXNativeTarget section */
		07D66A4928A4638400308FF5 /* target-app */ = {
			isa = PBXNativeTarget;
			buildConfigurationList = 07D66A7428A4638600308FF5 /* Build configuration list for PBXNativeTarget "target-app" */;
			buildPhases = (
				68C61687429F948A0A659C41 /* [CP] Check Pods Manifest.lock */,
				07D66A4628A4638400308FF5 /* Sources */,
				07D66A4728A4638400308FF5 /* Frameworks */,
				07D66A4828A4638400308FF5 /* Resources */,
			);
			buildRules = (
			);
			dependencies = (
			);
			name = "target-app";
			productName = "target-app";
			productReference = 07D66A4A28A4638400308FF5 /* target-app.app */;
			productType = "com.apple.product-type.application";
		};
		07D66A5F28A4638500308FF5 /* target-appTests */ = {
			isa = PBXNativeTarget;
			buildConfigurationList = 07D66A7728A4638600308FF5 /* Build configuration list for PBXNativeTarget "target-appTests" */;
			buildPhases = (
				4411DDDF054E4EE31968C107 /* [CP] Check Pods Manifest.lock */,
				07D66A5C28A4638500308FF5 /* Sources */,
				07D66A5D28A4638500308FF5 /* Frameworks */,
				07D66A5E28A4638500308FF5 /* Resources */,
			);
			buildRules = (
			);
			dependencies = (
				07D66A6228A4638500308FF5 /* PBXTargetDependency */,
			);
			name = "target-appTests";
			productName = "target-appTests";
			productReference = 07D66A6028A4638500308FF5 /* target-appTests.xctest */;
			productType = "com.apple.product-type.bundle.unit-test";
		};
		07D66A6928A4638600308FF5 /* target-appUITests */ = {
			isa = PBXNativeTarget;
			buildConfigurationList = 07D66A7A28A4638600308FF5 /* Build configuration list for PBXNativeTarget "target-appUITests" */;
			buildPhases = (
				9AA72FB3CC72B9BEA94FB241 /* [CP] Check Pods Manifest.lock */,
				07D66A6628A4638600308FF5 /* Sources */,
				07D66A6728A4638600308FF5 /* Frameworks */,
				07D66A6828A4638600308FF5 /* Resources */,
			);
			buildRules = (
			);
			dependencies = (
				07D66A6C28A4638600308FF5 /* PBXTargetDependency */,
			);
			name = "target-appUITests";
			productName = "target-appUITests";
			productReference = 07D66A6A28A4638600308FF5 /* target-appUITests.xctest */;
			productType = "com.apple.product-type.bundle.ui-testing";
		};
/* End PBXNativeTarget section */

/* Begin PBXProject section */
		07D66A4228A4638400308FF5 /* Project object */ = {
			isa = PBXProject;
			attributes = {
				BuildIndependentTargetsInParallel = 1;
				LastSwiftUpdateCheck = 1340;
				LastUpgradeCheck = 1340;
				TargetAttributes = {
					07D66A4928A4638400308FF5 = {
						CreatedOnToolsVersion = 13.4.1;
					};
					07D66A5F28A4638500308FF5 = {
						CreatedOnToolsVersion = 13.4.1;
						TestTargetID = 07D66A4928A4638400308FF5;
					};
					07D66A6928A4638600308FF5 = {
						CreatedOnToolsVersion = 13.4.1;
						TestTargetID = 07D66A4928A4638400308FF5;
					};
				};
			};
			buildConfigurationList = 07D66A4528A4638400308FF5 /* Build configuration list for PBXProject "target-app" */;
			compatibilityVersion = "Xcode 13.0";
			developmentRegion = en;
			hasScannedForEncodings = 0;
			knownRegions = (
				en,
				Base,
			);
			mainGroup = 07D66A4128A4638400308FF5;
			productRefGroup = 07D66A4B28A4638400308FF5 /* Products */;
			projectDirPath = "";
			projectRoot = "";
			targets = (
				07D66A4928A4638400308FF5 /* target-app */,
				07D66A5F28A4638500308FF5 /* target-appTests */,
				07D66A6928A4638600308FF5 /* target-appUITests */,
			);
		};
/* End PBXProject section */

/* Begin PBXResourcesBuildPhase section */
		07D66A4828A4638400308FF5 /* Resources */ = {
			isa = PBXResourcesBuildPhase;
			buildActionMask = 2147483647;
			files = (
				07D66A5A28A4638500308FF5 /* LaunchScreen.storyboard in Resources */,
				0760848F28AE5AC7000A144B /* Localizable.strings in Resources */,
				07D66A5728A4638500308FF5 /* Assets.xcassets in Resources */,
			);
			runOnlyForDeploymentPostprocessing = 0;
		};
		07D66A5E28A4638500308FF5 /* Resources */ = {
			isa = PBXResourcesBuildPhase;
			buildActionMask = 2147483647;
			files = (
			);
			runOnlyForDeploymentPostprocessing = 0;
		};
		07D66A6828A4638600308FF5 /* Resources */ = {
			isa = PBXResourcesBuildPhase;
			buildActionMask = 2147483647;
			files = (
			);
			runOnlyForDeploymentPostprocessing = 0;
		};
/* End PBXResourcesBuildPhase section */

/* Begin PBXShellScriptBuildPhase section */
		4411DDDF054E4EE31968C107 /* [CP] Check Pods Manifest.lock */ = {
			isa = PBXShellScriptBuildPhase;
			buildActionMask = 2147483647;
			files = (
			);
			inputFileListPaths = (
			);
			inputPaths = (
				"${PODS_PODFILE_DIR_PATH}/Podfile.lock",
				"${PODS_ROOT}/Manifest.lock",
			);
			name = "[CP] Check Pods Manifest.lock";
			outputFileListPaths = (
			);
			outputPaths = (
				"$(DERIVED_FILE_DIR)/Pods-target-appTests-checkManifestLockResult.txt",
			);
			runOnlyForDeploymentPostprocessing = 0;
			shellPath = /bin/sh;
			shellScript = "diff \"${PODS_PODFILE_DIR_PATH}/Podfile.lock\" \"${PODS_ROOT}/Manifest.lock\" > /dev/null\nif [ $? != 0 ] ; then\n    # print error to STDERR\n    echo \"error: The sandbox is not in sync with the Podfile.lock. Run 'pod install' or update your CocoaPods installation.\" >&2\n    exit 1\nfi\n# This output is used by Xcode 'outputs' to avoid re-running this script phase.\necho \"SUCCESS\" > \"${SCRIPT_OUTPUT_FILE_0}\"\n";
			showEnvVarsInLog = 0;
		};
		68C61687429F948A0A659C41 /* [CP] Check Pods Manifest.lock */ = {
			isa = PBXShellScriptBuildPhase;
			buildActionMask = 2147483647;
			files = (
			);
			inputFileListPaths = (
			);
			inputPaths = (
				"${PODS_PODFILE_DIR_PATH}/Podfile.lock",
				"${PODS_ROOT}/Manifest.lock",
			);
			name = "[CP] Check Pods Manifest.lock";
			outputFileListPaths = (
			);
			outputPaths = (
				"$(DERIVED_FILE_DIR)/Pods-target-app-checkManifestLockResult.txt",
			);
			runOnlyForDeploymentPostprocessing = 0;
			shellPath = /bin/sh;
			shellScript = "diff \"${PODS_PODFILE_DIR_PATH}/Podfile.lock\" \"${PODS_ROOT}/Manifest.lock\" > /dev/null\nif [ $? != 0 ] ; then\n    # print error to STDERR\n    echo \"error: The sandbox is not in sync with the Podfile.lock. Run 'pod install' or update your CocoaPods installation.\" >&2\n    exit 1\nfi\n# This output is used by Xcode 'outputs' to avoid re-running this script phase.\necho \"SUCCESS\" > \"${SCRIPT_OUTPUT_FILE_0}\"\n";
			showEnvVarsInLog = 0;
		};
		9AA72FB3CC72B9BEA94FB241 /* [CP] Check Pods Manifest.lock */ = {
			isa = PBXShellScriptBuildPhase;
			buildActionMask = 2147483647;
			files = (
			);
			inputFileListPaths = (
			);
			inputPaths = (
				"${PODS_PODFILE_DIR_PATH}/Podfile.lock",
				"${PODS_ROOT}/Manifest.lock",
			);
			name = "[CP] Check Pods Manifest.lock";
			outputFileListPaths = (
			);
			outputPaths = (
				"$(DERIVED_FILE_DIR)/Pods-target-app-target-appUITests-checkManifestLockResult.txt",
			);
			runOnlyForDeploymentPostprocessing = 0;
			shellPath = /bin/sh;
			shellScript = "diff \"${PODS_PODFILE_DIR_PATH}/Podfile.lock\" \"${PODS_ROOT}/Manifest.lock\" > /dev/null\nif [ $? != 0 ] ; then\n    # print error to STDERR\n    echo \"error: The sandbox is not in sync with the Podfile.lock. Run 'pod install' or update your CocoaPods installation.\" >&2\n    exit 1\nfi\n# This output is used by Xcode 'outputs' to avoid re-running this script phase.\necho \"SUCCESS\" > \"${SCRIPT_OUTPUT_FILE_0}\"\n";
			showEnvVarsInLog = 0;
		};
/* End PBXShellScriptBuildPhase section */

/* Begin PBXSourcesBuildPhase section */
		07D66A4628A4638400308FF5 /* Sources */ = {
			isa = PBXSourcesBuildPhase;
			buildActionMask = 2147483647;
			files = (
				0760847E28AD8160000A144B /* ViewExtension.swift in Sources */,
				0760849A28BD3EF1000A144B /* SignUpViewModel.swift in Sources */,
				076084D628BFD4A5000A144B /* APIEndpoint.swift in Sources */,
				076084A628BF80AE000A144B /* BaseAPIClient.swift in Sources */,
				076084B228BFA6A2000A144B /* AuthEndpoint.swift in Sources */,
				07CC1E6328FEF18200172EEA /* TopicsResponse.swift in Sources */,
				07CC1E67290057F000172EEA /* ChatsViewController.swift in Sources */,
				0760848928AE5545000A144B /* LabelExtension.swift in Sources */,
				0760846828A69DA3000A144B /* SignInViewController.swift in Sources */,
				07E4E5A4290327830046CC87 /* ConversationTableViewCell.swift in Sources */,
				076084A928BF8136000A144B /* APIClient.swift in Sources */,
				0760847128ABFDDC000A144B /* Navigator.swift in Sources */,
				076084CC28BFD294000A144B /* Session.swift in Sources */,
				076084C128BFC657000A144B /* Network.swift in Sources */,
				076084D828BFD4E2000A144B /* Constants.swift in Sources */,
				076084C528BFD0EF000A144B /* DecodingConfiguration.swift in Sources */,
				0755414F28D506A100A4C4FF /* TargetResponse.swift in Sources */,
				0760847A28AD7EFB000A144B /* ViewControllerExtension.swift in Sources */,
				0755415928E21BC200A4C4FF /* HomeViewModel.swift in Sources */,
				076084D428BFD3B4000A144B /* RailsAPIHeadersProvider.swift in Sources */,
				077DED7228D4DFE30074DC24 /* TargetEndpoint.swift in Sources */,
				07E4E5A029008DBC0046CC87 /* Match.swift in Sources */,
				076084A028BE6C42000A144B /* AuthViewModelStateDelegate.swift in Sources */,
				0755414A28D5060100A4C4FF /* UserResponse.swift in Sources */,
				076084DD28BFD6C7000A144B /* JSONDecoder.swift in Sources */,
				0760849E28BE6B11000A144B /* NetworkState.swift in Sources */,
				0755415128D8BBD700A4C4FF /* UserManager.swift in Sources */,
				076084CA28BFD26B000A144B /* SessionManager.swift in Sources */,
				076084D228BFD387000A144B /* HeadersProvider.swift in Sources */,
				072DA03E28CBCC7200936C06 /* LocationManager.swift in Sources */,
				076084B928BFB8BB000A144B /* APIClient+Product.swift in Sources */,
				0755415B28E25D7000A4C4FF /* TargetsResponse.swift in Sources */,
				0760847C28AD7F19000A144B /* ColorExtension.swift in Sources */,
				076084B628BFA734000A144B /* RailsAPIEndpoint.swift in Sources */,
				07D66A5228A4638400308FF5 /* ViewController.swift in Sources */,
				0760848328AE47AE000A144B /* TextFieldExtension.swift in Sources */,
				0760848B28AE5A47000A144B /* StringExtension.swift in Sources */,
				0755414D28D5068E00A4C4FF /* Target.swift in Sources */,
				076084C328BFC73A000A144B /* Cancellable.swift in Sources */,
				072DA04428CFC71000936C06 /* CreateTargetView.swift in Sources */,
				07D66A4E28A4638400308FF5 /* AppDelegate.swift in Sources */,
				076084B428BFA6F8000A144B /* Endpoint.swift in Sources */,
				076084E428C25A5A000A144B /* HomeViewController.swift in Sources */,
				07E4E5A229008F0F0046CC87 /* MatchResponse.swift in Sources */,
				076084AD28BF81F6000A144B /* EncodingConfiguration.swift in Sources */,
				076084DB28BFD576000A144B /* APIError.swift in Sources */,
				07CC1E5A28E395AC00172EEA /* EncodingDestination.swift in Sources */,
				077DED6D28D233D80074DC24 /* SaveTargetViewController.swift in Sources */,
				0760849728B925DD000A144B /* SignUpViewController.swift in Sources */,
				0760849528B54769000A144B /* TestViewController.swift in Sources */,
				076084CE28BFD2DF000A144B /* DictionaryExtension.swift in Sources */,
				076084E128C25795000A144B /* HomeRoutes.swift in Sources */,
				076084A428BF8013000A144B /* AuthenticationServices.swift in Sources */,
				0760848128AD8936000A144B /* UIConstants.swift in Sources */,
				077DED7428D4E65F0074DC24 /* TargetServices.swift in Sources */,
				077DED7028D4D9AD0074DC24 /* SaveTargetViewModel.swift in Sources */,
				076084AF28BF82AF000A144B /* User.swift in Sources */,
				0760848528AE4BAC000A144B /* ButtonExtension.swift in Sources */,
				0760847628ABFED2000A144B /* OnboardingRoutes.swift in Sources */,
				076084BC28BFB98B000A144B /* AlamofireNetworkProvider.swift in Sources */,
				0760847328ABFDF2000A144B /* AppNavigator.swift in Sources */,
				076084C728BFD1B5000A144B /* SessionHeadersProvider.swift in Sources */,
				076084D028BFD30B000A144B /* HTTPHeader.swift in Sources */,
				076084BF28BFC618000A144B /* NetworkProvider.swift in Sources */,
				07D0F70528C7A2ED00E014D1 /* SignInViewModel.swift in Sources */,
			);
			runOnlyForDeploymentPostprocessing = 0;
		};
		07D66A5C28A4638500308FF5 /* Sources */ = {
			isa = PBXSourcesBuildPhase;
			buildActionMask = 2147483647;
			files = (
				07CC1E6128FDA5D300172EEA /* TargetServicesMock.swift in Sources */,
				07D66A6528A4638500308FF5 /* target_appTests.swift in Sources */,
				07CC1E5E28FDA42100172EEA /* HomeViewModelTests.swift in Sources */,
			);
			runOnlyForDeploymentPostprocessing = 0;
		};
		07D66A6628A4638600308FF5 /* Sources */ = {
			isa = PBXSourcesBuildPhase;
			buildActionMask = 2147483647;
			files = (
				07D66A6F28A4638600308FF5 /* target_appUITests.swift in Sources */,
				07D66A7128A4638600308FF5 /* target_appUITestsLaunchTests.swift in Sources */,
			);
			runOnlyForDeploymentPostprocessing = 0;
		};
/* End PBXSourcesBuildPhase section */

/* Begin PBXTargetDependency section */
		07D66A6228A4638500308FF5 /* PBXTargetDependency */ = {
			isa = PBXTargetDependency;
			target = 07D66A4928A4638400308FF5 /* target-app */;
			targetProxy = 07D66A6128A4638500308FF5 /* PBXContainerItemProxy */;
		};
		07D66A6C28A4638600308FF5 /* PBXTargetDependency */ = {
			isa = PBXTargetDependency;
			target = 07D66A4928A4638400308FF5 /* target-app */;
			targetProxy = 07D66A6B28A4638600308FF5 /* PBXContainerItemProxy */;
		};
/* End PBXTargetDependency section */

/* Begin PBXVariantGroup section */
		07D66A5828A4638500308FF5 /* LaunchScreen.storyboard */ = {
			isa = PBXVariantGroup;
			children = (
				07D66A5928A4638500308FF5 /* Base */,
			);
			name = LaunchScreen.storyboard;
			sourceTree = "<group>";
		};
/* End PBXVariantGroup section */

/* Begin XCBuildConfiguration section */
		07D66A7228A4638600308FF5 /* Debug */ = {
			isa = XCBuildConfiguration;
			buildSettings = {
				ALWAYS_SEARCH_USER_PATHS = NO;
				CLANG_ANALYZER_NONNULL = YES;
				CLANG_ANALYZER_NUMBER_OBJECT_CONVERSION = YES_AGGRESSIVE;
				CLANG_CXX_LANGUAGE_STANDARD = "gnu++17";
				CLANG_ENABLE_MODULES = YES;
				CLANG_ENABLE_OBJC_ARC = YES;
				CLANG_ENABLE_OBJC_WEAK = YES;
				CLANG_WARN_BLOCK_CAPTURE_AUTORELEASING = YES;
				CLANG_WARN_BOOL_CONVERSION = YES;
				CLANG_WARN_COMMA = YES;
				CLANG_WARN_CONSTANT_CONVERSION = YES;
				CLANG_WARN_DEPRECATED_OBJC_IMPLEMENTATIONS = YES;
				CLANG_WARN_DIRECT_OBJC_ISA_USAGE = YES_ERROR;
				CLANG_WARN_DOCUMENTATION_COMMENTS = YES;
				CLANG_WARN_EMPTY_BODY = YES;
				CLANG_WARN_ENUM_CONVERSION = YES;
				CLANG_WARN_INFINITE_RECURSION = YES;
				CLANG_WARN_INT_CONVERSION = YES;
				CLANG_WARN_NON_LITERAL_NULL_CONVERSION = YES;
				CLANG_WARN_OBJC_IMPLICIT_RETAIN_SELF = YES;
				CLANG_WARN_OBJC_LITERAL_CONVERSION = YES;
				CLANG_WARN_OBJC_ROOT_CLASS = YES_ERROR;
				CLANG_WARN_QUOTED_INCLUDE_IN_FRAMEWORK_HEADER = YES;
				CLANG_WARN_RANGE_LOOP_ANALYSIS = YES;
				CLANG_WARN_STRICT_PROTOTYPES = YES;
				CLANG_WARN_SUSPICIOUS_MOVE = YES;
				CLANG_WARN_UNGUARDED_AVAILABILITY = YES_AGGRESSIVE;
				CLANG_WARN_UNREACHABLE_CODE = YES;
				CLANG_WARN__DUPLICATE_METHOD_MATCH = YES;
				COPY_PHASE_STRIP = NO;
				DEBUG_INFORMATION_FORMAT = dwarf;
				ENABLE_STRICT_OBJC_MSGSEND = YES;
				ENABLE_TESTABILITY = YES;
				GCC_C_LANGUAGE_STANDARD = gnu11;
				GCC_DYNAMIC_NO_PIC = NO;
				GCC_NO_COMMON_BLOCKS = YES;
				GCC_OPTIMIZATION_LEVEL = 0;
				GCC_PREPROCESSOR_DEFINITIONS = (
					"DEBUG=1",
					"$(inherited)",
				);
				GCC_WARN_64_TO_32_BIT_CONVERSION = YES;
				GCC_WARN_ABOUT_RETURN_TYPE = YES_ERROR;
				GCC_WARN_UNDECLARED_SELECTOR = YES;
				GCC_WARN_UNINITIALIZED_AUTOS = YES_AGGRESSIVE;
				GCC_WARN_UNUSED_FUNCTION = YES;
				GCC_WARN_UNUSED_VARIABLE = YES;
				IPHONEOS_DEPLOYMENT_TARGET = 15.5;
				MTL_ENABLE_DEBUG_INFO = INCLUDE_SOURCE;
				MTL_FAST_MATH = YES;
				ONLY_ACTIVE_ARCH = YES;
				SDKROOT = iphoneos;
				SWIFT_ACTIVE_COMPILATION_CONDITIONS = DEBUG;
				SWIFT_OPTIMIZATION_LEVEL = "-Onone";
			};
			name = Debug;
		};
		07D66A7328A4638600308FF5 /* Release */ = {
			isa = XCBuildConfiguration;
			buildSettings = {
				ALWAYS_SEARCH_USER_PATHS = NO;
				CLANG_ANALYZER_NONNULL = YES;
				CLANG_ANALYZER_NUMBER_OBJECT_CONVERSION = YES_AGGRESSIVE;
				CLANG_CXX_LANGUAGE_STANDARD = "gnu++17";
				CLANG_ENABLE_MODULES = YES;
				CLANG_ENABLE_OBJC_ARC = YES;
				CLANG_ENABLE_OBJC_WEAK = YES;
				CLANG_WARN_BLOCK_CAPTURE_AUTORELEASING = YES;
				CLANG_WARN_BOOL_CONVERSION = YES;
				CLANG_WARN_COMMA = YES;
				CLANG_WARN_CONSTANT_CONVERSION = YES;
				CLANG_WARN_DEPRECATED_OBJC_IMPLEMENTATIONS = YES;
				CLANG_WARN_DIRECT_OBJC_ISA_USAGE = YES_ERROR;
				CLANG_WARN_DOCUMENTATION_COMMENTS = YES;
				CLANG_WARN_EMPTY_BODY = YES;
				CLANG_WARN_ENUM_CONVERSION = YES;
				CLANG_WARN_INFINITE_RECURSION = YES;
				CLANG_WARN_INT_CONVERSION = YES;
				CLANG_WARN_NON_LITERAL_NULL_CONVERSION = YES;
				CLANG_WARN_OBJC_IMPLICIT_RETAIN_SELF = YES;
				CLANG_WARN_OBJC_LITERAL_CONVERSION = YES;
				CLANG_WARN_OBJC_ROOT_CLASS = YES_ERROR;
				CLANG_WARN_QUOTED_INCLUDE_IN_FRAMEWORK_HEADER = YES;
				CLANG_WARN_RANGE_LOOP_ANALYSIS = YES;
				CLANG_WARN_STRICT_PROTOTYPES = YES;
				CLANG_WARN_SUSPICIOUS_MOVE = YES;
				CLANG_WARN_UNGUARDED_AVAILABILITY = YES_AGGRESSIVE;
				CLANG_WARN_UNREACHABLE_CODE = YES;
				CLANG_WARN__DUPLICATE_METHOD_MATCH = YES;
				COPY_PHASE_STRIP = NO;
				DEBUG_INFORMATION_FORMAT = "dwarf-with-dsym";
				ENABLE_NS_ASSERTIONS = NO;
				ENABLE_STRICT_OBJC_MSGSEND = YES;
				GCC_C_LANGUAGE_STANDARD = gnu11;
				GCC_NO_COMMON_BLOCKS = YES;
				GCC_WARN_64_TO_32_BIT_CONVERSION = YES;
				GCC_WARN_ABOUT_RETURN_TYPE = YES_ERROR;
				GCC_WARN_UNDECLARED_SELECTOR = YES;
				GCC_WARN_UNINITIALIZED_AUTOS = YES_AGGRESSIVE;
				GCC_WARN_UNUSED_FUNCTION = YES;
				GCC_WARN_UNUSED_VARIABLE = YES;
				IPHONEOS_DEPLOYMENT_TARGET = 15.5;
				MTL_ENABLE_DEBUG_INFO = NO;
				MTL_FAST_MATH = YES;
				SDKROOT = iphoneos;
				SWIFT_COMPILATION_MODE = wholemodule;
				SWIFT_OPTIMIZATION_LEVEL = "-O";
				VALIDATE_PRODUCT = YES;
			};
			name = Release;
		};
		07D66A7528A4638600308FF5 /* Debug */ = {
			isa = XCBuildConfiguration;
			baseConfigurationReference = 81FCB3D84DE8D1F9E578CE8D /* Pods-target-app.debug.xcconfig */;
			buildSettings = {
				ASSETCATALOG_COMPILER_APPICON_NAME = AppIcon;
				ASSETCATALOG_COMPILER_GLOBAL_ACCENT_COLOR_NAME = AccentColor;
				CODE_SIGN_STYLE = Automatic;
				CURRENT_PROJECT_VERSION = 1;
				DEVELOPMENT_TEAM = 327T9P2J5T;
				GENERATE_INFOPLIST_FILE = YES;
				INFOPLIST_FILE = "target-app/Info.plist";
				INFOPLIST_KEY_UIApplicationSupportsIndirectInputEvents = YES;
				INFOPLIST_KEY_UILaunchStoryboardName = LaunchScreen;
				INFOPLIST_KEY_UIMainStoryboardFile = LaunchScreen;
				INFOPLIST_KEY_UISupportedInterfaceOrientations_iPad = "UIInterfaceOrientationPortrait UIInterfaceOrientationPortraitUpsideDown UIInterfaceOrientationLandscapeLeft UIInterfaceOrientationLandscapeRight";
				INFOPLIST_KEY_UISupportedInterfaceOrientations_iPhone = "UIInterfaceOrientationPortrait UIInterfaceOrientationLandscapeLeft UIInterfaceOrientationLandscapeRight";
				LD_RUNPATH_SEARCH_PATHS = (
					"$(inherited)",
					"@executable_path/Frameworks",
				);
				MARKETING_VERSION = 1.0;
				PRODUCT_BUNDLE_IDENTIFIER = "com.atorrico.target-app";
				PRODUCT_NAME = "$(TARGET_NAME)";
				SWIFT_EMIT_LOC_STRINGS = YES;
				SWIFT_VERSION = 5.0;
				TARGETED_DEVICE_FAMILY = "1,2";
			};
			name = Debug;
		};
		07D66A7628A4638600308FF5 /* Release */ = {
			isa = XCBuildConfiguration;
			baseConfigurationReference = 7BDF7F01F64EC2448F34DF0E /* Pods-target-app.release.xcconfig */;
			buildSettings = {
				ASSETCATALOG_COMPILER_APPICON_NAME = AppIcon;
				ASSETCATALOG_COMPILER_GLOBAL_ACCENT_COLOR_NAME = AccentColor;
				CODE_SIGN_STYLE = Automatic;
				CURRENT_PROJECT_VERSION = 1;
				DEVELOPMENT_TEAM = 327T9P2J5T;
				GENERATE_INFOPLIST_FILE = YES;
				INFOPLIST_FILE = "target-app/Info.plist";
				INFOPLIST_KEY_UIApplicationSupportsIndirectInputEvents = YES;
				INFOPLIST_KEY_UILaunchStoryboardName = LaunchScreen;
				INFOPLIST_KEY_UIMainStoryboardFile = LaunchScreen;
				INFOPLIST_KEY_UISupportedInterfaceOrientations_iPad = "UIInterfaceOrientationPortrait UIInterfaceOrientationPortraitUpsideDown UIInterfaceOrientationLandscapeLeft UIInterfaceOrientationLandscapeRight";
				INFOPLIST_KEY_UISupportedInterfaceOrientations_iPhone = "UIInterfaceOrientationPortrait UIInterfaceOrientationLandscapeLeft UIInterfaceOrientationLandscapeRight";
				LD_RUNPATH_SEARCH_PATHS = (
					"$(inherited)",
					"@executable_path/Frameworks",
				);
				MARKETING_VERSION = 1.0;
				PRODUCT_BUNDLE_IDENTIFIER = "com.atorrico.target-app";
				PRODUCT_NAME = "$(TARGET_NAME)";
				SWIFT_EMIT_LOC_STRINGS = YES;
				SWIFT_VERSION = 5.0;
				TARGETED_DEVICE_FAMILY = "1,2";
			};
			name = Release;
		};
		07D66A7828A4638600308FF5 /* Debug */ = {
			isa = XCBuildConfiguration;
			baseConfigurationReference = 15AF5909434E146462E450C6 /* Pods-target-appTests.debug.xcconfig */;
			buildSettings = {
				ALWAYS_EMBED_SWIFT_STANDARD_LIBRARIES = YES;
				BUNDLE_LOADER = "$(TEST_HOST)";
				CODE_SIGN_STYLE = Automatic;
				CURRENT_PROJECT_VERSION = 1;
				GENERATE_INFOPLIST_FILE = YES;
				IPHONEOS_DEPLOYMENT_TARGET = 15.5;
				MARKETING_VERSION = 1.0;
				PRODUCT_BUNDLE_IDENTIFIER = "com.atorrico.target-appTests";
				PRODUCT_NAME = "$(TARGET_NAME)";
				SWIFT_EMIT_LOC_STRINGS = NO;
				SWIFT_VERSION = 5.0;
				TARGETED_DEVICE_FAMILY = "1,2";
				TEST_HOST = "$(BUILT_PRODUCTS_DIR)/target-app.app/target-app";
			};
			name = Debug;
		};
		07D66A7928A4638600308FF5 /* Release */ = {
			isa = XCBuildConfiguration;
			baseConfigurationReference = 0886044729E0392EAE8D62A3 /* Pods-target-appTests.release.xcconfig */;
			buildSettings = {
				ALWAYS_EMBED_SWIFT_STANDARD_LIBRARIES = YES;
				BUNDLE_LOADER = "$(TEST_HOST)";
				CODE_SIGN_STYLE = Automatic;
				CURRENT_PROJECT_VERSION = 1;
				GENERATE_INFOPLIST_FILE = YES;
				IPHONEOS_DEPLOYMENT_TARGET = 15.5;
				MARKETING_VERSION = 1.0;
				PRODUCT_BUNDLE_IDENTIFIER = "com.atorrico.target-appTests";
				PRODUCT_NAME = "$(TARGET_NAME)";
				SWIFT_EMIT_LOC_STRINGS = NO;
				SWIFT_VERSION = 5.0;
				TARGETED_DEVICE_FAMILY = "1,2";
				TEST_HOST = "$(BUILT_PRODUCTS_DIR)/target-app.app/target-app";
			};
			name = Release;
		};
		07D66A7B28A4638600308FF5 /* Debug */ = {
			isa = XCBuildConfiguration;
			baseConfigurationReference = C33D2615CF21FFF816A86058 /* Pods-target-app-target-appUITests.debug.xcconfig */;
			buildSettings = {
				ALWAYS_EMBED_SWIFT_STANDARD_LIBRARIES = YES;
				CODE_SIGN_STYLE = Automatic;
				CURRENT_PROJECT_VERSION = 1;
				GENERATE_INFOPLIST_FILE = YES;
				MARKETING_VERSION = 1.0;
				PRODUCT_BUNDLE_IDENTIFIER = "com.atorrico.target-appUITests";
				PRODUCT_NAME = "$(TARGET_NAME)";
				SWIFT_EMIT_LOC_STRINGS = NO;
				SWIFT_VERSION = 5.0;
				TARGETED_DEVICE_FAMILY = "1,2";
				TEST_TARGET_NAME = "target-app";
			};
			name = Debug;
		};
		07D66A7C28A4638600308FF5 /* Release */ = {
			isa = XCBuildConfiguration;
			baseConfigurationReference = B29E6A5EE8E2971489FB62E5 /* Pods-target-app-target-appUITests.release.xcconfig */;
			buildSettings = {
				ALWAYS_EMBED_SWIFT_STANDARD_LIBRARIES = YES;
				CODE_SIGN_STYLE = Automatic;
				CURRENT_PROJECT_VERSION = 1;
				GENERATE_INFOPLIST_FILE = YES;
				MARKETING_VERSION = 1.0;
				PRODUCT_BUNDLE_IDENTIFIER = "com.atorrico.target-appUITests";
				PRODUCT_NAME = "$(TARGET_NAME)";
				SWIFT_EMIT_LOC_STRINGS = NO;
				SWIFT_VERSION = 5.0;
				TARGETED_DEVICE_FAMILY = "1,2";
				TEST_TARGET_NAME = "target-app";
			};
			name = Release;
		};
/* End XCBuildConfiguration section */

/* Begin XCConfigurationList section */
		07D66A4528A4638400308FF5 /* Build configuration list for PBXProject "target-app" */ = {
			isa = XCConfigurationList;
			buildConfigurations = (
				07D66A7228A4638600308FF5 /* Debug */,
				07D66A7328A4638600308FF5 /* Release */,
			);
			defaultConfigurationIsVisible = 0;
			defaultConfigurationName = Release;
		};
		07D66A7428A4638600308FF5 /* Build configuration list for PBXNativeTarget "target-app" */ = {
			isa = XCConfigurationList;
			buildConfigurations = (
				07D66A7528A4638600308FF5 /* Debug */,
				07D66A7628A4638600308FF5 /* Release */,
			);
			defaultConfigurationIsVisible = 0;
			defaultConfigurationName = Release;
		};
		07D66A7728A4638600308FF5 /* Build configuration list for PBXNativeTarget "target-appTests" */ = {
			isa = XCConfigurationList;
			buildConfigurations = (
				07D66A7828A4638600308FF5 /* Debug */,
				07D66A7928A4638600308FF5 /* Release */,
			);
			defaultConfigurationIsVisible = 0;
			defaultConfigurationName = Release;
		};
		07D66A7A28A4638600308FF5 /* Build configuration list for PBXNativeTarget "target-appUITests" */ = {
			isa = XCConfigurationList;
			buildConfigurations = (
				07D66A7B28A4638600308FF5 /* Debug */,
				07D66A7C28A4638600308FF5 /* Release */,
			);
			defaultConfigurationIsVisible = 0;
			defaultConfigurationName = Release;
		};
/* End XCConfigurationList section */
	};
	rootObject = 07D66A4228A4638400308FF5 /* Project object */;
}
